
Microsoft Visual Studio Solution File, Format Version 12.00
# Visual Studio Version 16
VisualStudioVersion = 16.0.31424.327
MinimumVisualStudioVersion = 10.0.40219.1
Project("{FAE04EC0-301F-11D3-BF4B-00C04F79EFBC}") = "Business", "Business\Business.csproj", "{D2CDF76C-E2A6-4EAF-BD49-F5DAEDA64713}"
EndProject
Project("{FAE04EC0-301F-11D3-BF4B-00C04F79EFBC}") = "Core", "Core\Core.csproj", "{6C2F4ACE-CED5-41A3-937A-47302B9582F9}"
EndProject
Project("{FAE04EC0-301F-11D3-BF4B-00C04F79EFBC}") = "DataAccess", "DataAccess\DataAccess.csproj", "{2F335B37-C360-4E8C-9F7B-7BDB18B89A03}"
EndProject
Project("{FAE04EC0-301F-11D3-BF4B-00C04F79EFBC}") = "Entities", "Entities\Entities.csproj", "{46232AEC-306F-4134-B323-5F020364EB67}"
EndProject
Project("{FAE04EC0-301F-11D3-BF4B-00C04F79EFBC}") = "WebAPI", "WebAPI\WebAPI.csproj", "{70ADF17B-B83D-4E90-928D-2FC173501C36}"
EndProject
Global
	GlobalSection(SolutionConfigurationPlatforms) = preSolution
		Debug|Any CPU = Debug|Any CPU
		Release|Any CPU = Release|Any CPU
	EndGlobalSection
	GlobalSection(ProjectConfigurationPlatforms) = postSolution
		{D2CDF76C-E2A6-4EAF-BD49-F5DAEDA64713}.Debug|Any CPU.ActiveCfg = Debug|Any CPU
		{D2CDF76C-E2A6-4EAF-BD49-F5DAEDA64713}.Debug|Any CPU.Build.0 = Debug|Any CPU
		{D2CDF76C-E2A6-4EAF-BD49-F5DAEDA64713}.Release|Any CPU.ActiveCfg = Release|Any CPU
		{D2CDF76C-E2A6-4EAF-BD49-F5DAEDA64713}.Release|Any CPU.Build.0 = Release|Any CPU
		{6C2F4ACE-CED5-41A3-937A-47302B9582F9}.Debug|Any CPU.ActiveCfg = Debug|Any CPU
		{6C2F4ACE-CED5-41A3-937A-47302B9582F9}.Debug|Any CPU.Build.0 = Debug|Any CPU
		{6C2F4ACE-CED5-41A3-937A-47302B9582F9}.Release|Any CPU.ActiveCfg = Release|Any CPU
		{6C2F4ACE-CED5-41A3-937A-47302B9582F9}.Release|Any CPU.Build.0 = Release|Any CPU
		{2F335B37-C360-4E8C-9F7B-7BDB18B89A03}.Debug|Any CPU.ActiveCfg = Debug|Any CPU
		{2F335B37-C360-4E8C-9F7B-7BDB18B89A03}.Debug|Any CPU.Build.0 = Debug|Any CPU
		{2F335B37-C360-4E8C-9F7B-7BDB18B89A03}.Release|Any CPU.ActiveCfg = Release|Any CPU
		{2F335B37-C360-4E8C-9F7B-7BDB18B89A03}.Release|Any CPU.Build.0 = Release|Any CPU
		{46232AEC-306F-4134-B323-5F020364EB67}.Debug|Any CPU.ActiveCfg = Debug|Any CPU
		{46232AEC-306F-4134-B323-5F020364EB67}.Debug|Any CPU.Build.0 = Debug|Any CPU
		{46232AEC-306F-4134-B323-5F020364EB67}.Release|Any CPU.ActiveCfg = Release|Any CPU
		{46232AEC-306F-4134-B323-5F020364EB67}.Release|Any CPU.Build.0 = Release|Any CPU
		{70ADF17B-B83D-4E90-928D-2FC173501C36}.Debug|Any CPU.ActiveCfg = Debug|Any CPU
		{70ADF17B-B83D-4E90-928D-2FC173501C36}.Debug|Any CPU.Build.0 = Debug|Any CPU
		{70ADF17B-B83D-4E90-928D-2FC173501C36}.Release|Any CPU.ActiveCfg = Release|Any CPU
		{70ADF17B-B83D-4E90-928D-2FC173501C36}.Release|Any CPU.Build.0 = Release|Any CPU
	EndGlobalSection
	GlobalSection(SolutionProperties) = preSolution
		HideSolutionNode = FALSE
	EndGlobalSection
	GlobalSection(ExtensibilityGlobals) = postSolution
		SolutionGuid = {79189AFD-4229-48BC-8819-51C64B151CBE}
	EndGlobalSection
EndGlobal
